
Microsoft Visual Studio Solution File, Format Version 12.00
# Visual Studio Version 17
VisualStudioVersion = 17.11.35327.3
MinimumVisualStudioVersion = 10.0.40219.1
Project("{FAE04EC0-301F-11D3-BF4B-00C04F79EFBC}") = "blazor-book-tracker", "blazor-book-tracker\blazor-book-tracker.csproj", "{5FBE3868-1CB8-4854-9B22-6E218F49DCF9}"
EndProject
Global
	GlobalSection(SolutionConfigurationPlatforms) = preSolution
		Debug|Any CPU = Debug|Any CPU
		Release|Any CPU = Release|Any CPU
	EndGlobalSection
	GlobalSection(ProjectConfigurationPlatforms) = postSolution
		{5FBE3868-1CB8-4854-9B22-6E218F49DCF9}.Debug|Any CPU.ActiveCfg = Debug|Any CPU
		{5FBE3868-1CB8-4854-9B22-6E218F49DCF9}.Debug|Any CPU.Build.0 = Debug|Any CPU
		{5FBE3868-1CB8-4854-9B22-6E218F49DCF9}.Release|Any CPU.ActiveCfg = Release|Any CPU
		{5FBE3868-1CB8-4854-9B22-6E218F49DCF9}.Release|Any CPU.Build.0 = Release|Any CPU
	EndGlobalSection
	GlobalSection(SolutionProperties) = preSolution
		HideSolutionNode = FALSE
	EndGlobalSection
	GlobalSection(ExtensibilityGlobals) = postSolution
		SolutionGuid = {6F81DB39-7946-415F-8667-91B02C3F3C79}
	EndGlobalSection
EndGlobal
